
Microsoft Visual Studio Solution File, Format Version 12.00
# Visual Studio Version 17
VisualStudioVersion = 17.5.33530.505
MinimumVisualStudioVersion = 10.0.40219.1
Project("{FAE04EC0-301F-11D3-BF4B-00C04F79EFBC}") = "Operatorok", "Operatorok\Operatorok.csproj", "{2F7B5B79-1CD2-4960-9D5B-2FAA61F28A40}"
EndProject
Global
	GlobalSection(SolutionConfigurationPlatforms) = preSolution
		Debug|Any CPU = Debug|Any CPU
		Release|Any CPU = Release|Any CPU
	EndGlobalSection
	GlobalSection(ProjectConfigurationPlatforms) = postSolution
		{2F7B5B79-1CD2-4960-9D5B-2FAA61F28A40}.Debug|Any CPU.ActiveCfg = Debug|Any CPU
		{2F7B5B79-1CD2-4960-9D5B-2FAA61F28A40}.Debug|Any CPU.Build.0 = Debug|Any CPU
		{2F7B5B79-1CD2-4960-9D5B-2FAA61F28A40}.Release|Any CPU.ActiveCfg = Release|Any CPU
		{2F7B5B79-1CD2-4960-9D5B-2FAA61F28A40}.Release|Any CPU.Build.0 = Release|Any CPU
	EndGlobalSection
	GlobalSection(SolutionProperties) = preSolution
		HideSolutionNode = FALSE
	EndGlobalSection
	GlobalSection(ExtensibilityGlobals) = postSolution
		SolutionGuid = {8D808327-F1ED-44BA-B87A-FA95B6D5E589}
	EndGlobalSection
EndGlobal
